
Microsoft Visual Studio Solution File, Format Version 12.00
# Visual Studio Version 17
VisualStudioVersion = 17.7.34031.279
MinimumVisualStudioVersion = 10.0.40219.1
Project("{FAE04EC0-301F-11D3-BF4B-00C04F79EFBC}") = "Ejercicio 1.1 PW2.Android", "Ejercicio 1.1 PW2.Android\Ejercicio 1.1 PW2.Android.csproj", "{BF51C4A8-49A8-440C-A197-38AD129EDDD0}"
EndProject
Project("{FAE04EC0-301F-11D3-BF4B-00C04F79EFBC}") = "Ejercicio 1.1 PW2", "Ejercicio 1.1 PW2\Ejercicio 1.1 PW2.csproj", "{51B6A37D-50D0-47FA-9C0A-6F74EEC0F04A}"
EndProject
Global
	GlobalSection(SolutionConfigurationPlatforms) = preSolution
		Debug|Any CPU = Debug|Any CPU
		Release|Any CPU = Release|Any CPU
	EndGlobalSection
	GlobalSection(ProjectConfigurationPlatforms) = postSolution
		{BF51C4A8-49A8-440C-A197-38AD129EDDD0}.Debug|Any CPU.ActiveCfg = Debug|Any CPU
		{BF51C4A8-49A8-440C-A197-38AD129EDDD0}.Debug|Any CPU.Build.0 = Debug|Any CPU
		{BF51C4A8-49A8-440C-A197-38AD129EDDD0}.Debug|Any CPU.Deploy.0 = Debug|Any CPU
		{BF51C4A8-49A8-440C-A197-38AD129EDDD0}.Release|Any CPU.ActiveCfg = Release|Any CPU
		{BF51C4A8-49A8-440C-A197-38AD129EDDD0}.Release|Any CPU.Build.0 = Release|Any CPU
		{BF51C4A8-49A8-440C-A197-38AD129EDDD0}.Release|Any CPU.Deploy.0 = Release|Any CPU
		{51B6A37D-50D0-47FA-9C0A-6F74EEC0F04A}.Debug|Any CPU.ActiveCfg = Debug|Any CPU
		{51B6A37D-50D0-47FA-9C0A-6F74EEC0F04A}.Debug|Any CPU.Build.0 = Debug|Any CPU
		{51B6A37D-50D0-47FA-9C0A-6F74EEC0F04A}.Debug|Any CPU.Deploy.0 = Debug|Any CPU
		{51B6A37D-50D0-47FA-9C0A-6F74EEC0F04A}.Release|Any CPU.ActiveCfg = Release|Any CPU
		{51B6A37D-50D0-47FA-9C0A-6F74EEC0F04A}.Release|Any CPU.Build.0 = Release|Any CPU
		{51B6A37D-50D0-47FA-9C0A-6F74EEC0F04A}.Release|Any CPU.Deploy.0 = Release|Any CPU
	EndGlobalSection
	GlobalSection(SolutionProperties) = preSolution
		HideSolutionNode = FALSE
	EndGlobalSection
	GlobalSection(ExtensibilityGlobals) = postSolution
		SolutionGuid = {0CEFF3B9-282E-49C4-BCB6-9EAF538A848C}
	EndGlobalSection
EndGlobal
